
Microsoft Visual Studio Solution File, Format Version 12.00
# Visual Studio Version 17
VisualStudioVersion = 17.8.34316.72
MinimumVisualStudioVersion = 10.0.40219.1
Project("{FAE04EC0-301F-11D3-BF4B-00C04F79EFBC}") = "NotesApp", "NotesApp.csproj", "{5B8214F1-6D2C-4427-8FE3-821F2C90BE52}"
EndProject
Global
	GlobalSection(SolutionConfigurationPlatforms) = preSolution
		Debug|Any CPU = Debug|Any CPU
		Release|Any CPU = Release|Any CPU
	EndGlobalSection
	GlobalSection(ProjectConfigurationPlatforms) = postSolution
		{5B8214F1-6D2C-4427-8FE3-821F2C90BE52}.Debug|Any CPU.ActiveCfg = Debug|Any CPU
		{5B8214F1-6D2C-4427-8FE3-821F2C90BE52}.Debug|Any CPU.Build.0 = Debug|Any CPU
		{5B8214F1-6D2C-4427-8FE3-821F2C90BE52}.Release|Any CPU.ActiveCfg = Release|Any CPU
		{5B8214F1-6D2C-4427-8FE3-821F2C90BE52}.Release|Any CPU.Build.0 = Release|Any CPU
	EndGlobalSection
	GlobalSection(SolutionProperties) = preSolution
		HideSolutionNode = FALSE
	EndGlobalSection
	GlobalSection(ExtensibilityGlobals) = postSolution
		SolutionGuid = {10D482B5-4DE4-40D5-9642-4F198BF5DF34}
	EndGlobalSection
EndGlobal
